// !$*UTF8*$!
{
	archiveVersion = 1;
	classes = {
	};
	objectVersion = 46;
	objects = {

/* Begin PBXBuildFile section */
		7B3B84261DC03F8F00712777 /* AppDelegate.swift in Sources */ = {isa = PBXBuildFile; fileRef = 7B3B84251DC03F8F00712777 /* AppDelegate.swift */; };
		7B3B84281DC03F8F00712777 /* ViewController.swift in Sources */ = {isa = PBXBuildFile; fileRef = 7B3B84271DC03F8F00712777 /* ViewController.swift */; };
		7B3B842B1DC03F8F00712777 /* Main.storyboard in Resources */ = {isa = PBXBuildFile; fileRef = 7B3B84291DC03F8F00712777 /* Main.storyboard */; };
		7B3B842D1DC03F8F00712777 /* Assets.xcassets in Resources */ = {isa = PBXBuildFile; fileRef = 7B3B842C1DC03F8F00712777 /* Assets.xcassets */; };
		7B3B84301DC03F8F00712777 /* LaunchScreen.storyboard in Resources */ = {isa = PBXBuildFile; fileRef = 7B3B842E1DC03F8F00712777 /* LaunchScreen.storyboard */; };
		7B3B843B1DC03F8F00712777 /* WatsonHackTests.swift in Sources */ = {isa = PBXBuildFile; fileRef = 7B3B843A1DC03F8F00712777 /* WatsonHackTests.swift */; };
		7B3B84461DC03F8F00712777 /* WatsonHackUITests.swift in Sources */ = {isa = PBXBuildFile; fileRef = 7B3B84451DC03F8F00712777 /* WatsonHackUITests.swift */; };
/* End PBXBuildFile section */

/* Begin PBXContainerItemProxy section */
		7B3B84371DC03F8F00712777 /* PBXContainerItemProxy */ = {
			isa = PBXContainerItemProxy;
			containerPortal = 7B3B841A1DC03F8F00712777 /* Project object */;
			proxyType = 1;
			remoteGlobalIDString = 7B3B84211DC03F8F00712777;
			remoteInfo = WatsonHack;
		};
		7B3B84421DC03F8F00712777 /* PBXContainerItemProxy */ = {
			isa = PBXContainerItemProxy;
			containerPortal = 7B3B841A1DC03F8F00712777 /* Project object */;
			proxyType = 1;
			remoteGlobalIDString = 7B3B84211DC03F8F00712777;
			remoteInfo = WatsonHack;
		};
/* End PBXContainerItemProxy section */

/* Begin PBXFileReference section */
		7B3B84221DC03F8F00712777 /* WatsonHack.app */ = {isa = PBXFileReference; explicitFileType = wrapper.application; includeInIndex = 0; path = WatsonHack.app; sourceTree = BUILT_PRODUCTS_DIR; };
		7B3B84251DC03F8F00712777 /* AppDelegate.swift */ = {isa = PBXFileReference; lastKnownFileType = sourcecode.swift; path = AppDelegate.swift; sourceTree = "<group>"; };
		7B3B84271DC03F8F00712777 /* ViewController.swift */ = {isa = PBXFileReference; lastKnownFileType = sourcecode.swift; path = ViewController.swift; sourceTree = "<group>"; };
		7B3B842A1DC03F8F00712777 /* Base */ = {isa = PBXFileReference; lastKnownFileType = file.storyboard; name = Base; path = Base.lproj/Main.storyboard; sourceTree = "<group>"; };
		7B3B842C1DC03F8F00712777 /* Assets.xcassets */ = {isa = PBXFileReference; lastKnownFileType = folder.assetcatalog; path = Assets.xcassets; sourceTree = "<group>"; };
		7B3B842F1DC03F8F00712777 /* Base */ = {isa = PBXFileReference; lastKnownFileType = file.storyboard; name = Base; path = Base.lproj/LaunchScreen.storyboard; sourceTree = "<group>"; };
		7B3B84311DC03F8F00712777 /* Info.plist */ = {isa = PBXFileReference; lastKnownFileType = text.plist.xml; path = Info.plist; sourceTree = "<group>"; };
		7B3B84361DC03F8F00712777 /* WatsonHackTests.xctest */ = {isa = PBXFileReference; explicitFileType = wrapper.cfbundle; includeInIndex = 0; path = WatsonHackTests.xctest; sourceTree = BUILT_PRODUCTS_DIR; };
		7B3B843A1DC03F8F00712777 /* WatsonHackTests.swift */ = {isa = PBXFileReference; lastKnownFileType = sourcecode.swift; path = WatsonHackTests.swift; sourceTree = "<group>"; };
		7B3B843C1DC03F8F00712777 /* Info.plist */ = {isa = PBXFileReference; lastKnownFileType = text.plist.xml; path = Info.plist; sourceTree = "<group>"; };
		7B3B84411DC03F8F00712777 /* WatsonHackUITests.xctest */ = {isa = PBXFileReference; explicitFileType = wrapper.cfbundle; includeInIndex = 0; path = WatsonHackUITests.xctest; sourceTree = BUILT_PRODUCTS_DIR; };
		7B3B84451DC03F8F00712777 /* WatsonHackUITests.swift */ = {isa = PBXFileReference; lastKnownFileType = sourcecode.swift; path = WatsonHackUITests.swift; sourceTree = "<group>"; };
		7B3B84471DC03F8F00712777 /* Info.plist */ = {isa = PBXFileReference; lastKnownFileType = text.plist.xml; path = Info.plist; sourceTree = "<group>"; };
/* End PBXFileReference section */

/* Begin PBXFrameworksBuildPhase section */
		7B3B841F1DC03F8F00712777 /* Frameworks */ = {
			isa = PBXFrameworksBuildPhase;
			buildActionMask = 2147483647;
			files = (
			);
			runOnlyForDeploymentPostprocessing = 0;
		};
		7B3B84331DC03F8F00712777 /* Frameworks */ = {
			isa = PBXFrameworksBuildPhase;
			buildActionMask = 2147483647;
			files = (
			);
			runOnlyForDeploymentPostprocessing = 0;
		};
		7B3B843E1DC03F8F00712777 /* Frameworks */ = {
			isa = PBXFrameworksBuildPhase;
			buildActionMask = 2147483647;
			files = (
			);
			runOnlyForDeploymentPostprocessing = 0;
		};
/* End PBXFrameworksBuildPhase section */

/* Begin PBXGroup section */
		7B3B84191DC03F8F00712777 = {
			isa = PBXGroup;
			children = (
				7B3B84241DC03F8F00712777 /* WatsonHack */,
				7B3B84391DC03F8F00712777 /* WatsonHackTests */,
				7B3B84441DC03F8F00712777 /* WatsonHackUITests */,
				7B3B84231DC03F8F00712777 /* Products */,
			);
			sourceTree = "<group>";
		};
		7B3B84231DC03F8F00712777 /* Products */ = {
			isa = PBXGroup;
			children = (
				7B3B84221DC03F8F00712777 /* WatsonHack.app */,
				7B3B84361DC03F8F00712777 /* WatsonHackTests.xctest */,
				7B3B84411DC03F8F00712777 /* WatsonHackUITests.xctest */,
			);
			name = Products;
			sourceTree = "<group>";
		};
		7B3B84241DC03F8F00712777 /* WatsonHack */ = {
			isa = PBXGroup;
			children = (
				7B3B84251DC03F8F00712777 /* AppDelegate.swift */,
				7B3B84271DC03F8F00712777 /* ViewController.swift */,
				7B3B84291DC03F8F00712777 /* Main.storyboard */,
				7B3B842C1DC03F8F00712777 /* Assets.xcassets */,
				7B3B842E1DC03F8F00712777 /* LaunchScreen.storyboard */,
				7B3B84311DC03F8F00712777 /* Info.plist */,
			);
			path = WatsonHack;
			sourceTree = "<group>";
		};
		7B3B84391DC03F8F00712777 /* WatsonHackTests */ = {
			isa = PBXGroup;
			children = (
				7B3B843A1DC03F8F00712777 /* WatsonHackTests.swift */,
				7B3B843C1DC03F8F00712777 /* Info.plist */,
			);
			path = WatsonHackTests;
			sourceTree = "<group>";
		};
		7B3B84441DC03F8F00712777 /* WatsonHackUITests */ = {
			isa = PBXGroup;
			children = (
				7B3B84451DC03F8F00712777 /* WatsonHackUITests.swift */,
				7B3B84471DC03F8F00712777 /* Info.plist */,
			);
			path = WatsonHackUITests;
			sourceTree = "<group>";
		};
/* End PBXGroup section */

/* Begin PBXNativeTarget section */
		7B3B84211DC03F8F00712777 /* WatsonHack */ = {
			isa = PBXNativeTarget;
			buildConfigurationList = 7B3B844A1DC03F8F00712777 /* Build configuration list for PBXNativeTarget "WatsonHack" */;
			buildPhases = (
				7B3B841E1DC03F8F00712777 /* Sources */,
				7B3B841F1DC03F8F00712777 /* Frameworks */,
				7B3B84201DC03F8F00712777 /* Resources */,
			);
			buildRules = (
			);
			dependencies = (
			);
			name = WatsonHack;
			productName = WatsonHack;
			productReference = 7B3B84221DC03F8F00712777 /* WatsonHack.app */;
			productType = "com.apple.product-type.application";
		};
		7B3B84351DC03F8F00712777 /* WatsonHackTests */ = {
			isa = PBXNativeTarget;
			buildConfigurationList = 7B3B844D1DC03F8F00712777 /* Build configuration list for PBXNativeTarget "WatsonHackTests" */;
			buildPhases = (
				7B3B84321DC03F8F00712777 /* Sources */,
				7B3B84331DC03F8F00712777 /* Frameworks */,
				7B3B84341DC03F8F00712777 /* Resources */,
			);
			buildRules = (
			);
			dependencies = (
				7B3B84381DC03F8F00712777 /* PBXTargetDependency */,
			);
			name = WatsonHackTests;
			productName = WatsonHackTests;
			productReference = 7B3B84361DC03F8F00712777 /* WatsonHackTests.xctest */;
			productType = "com.apple.product-type.bundle.unit-test";
		};
		7B3B84401DC03F8F00712777 /* WatsonHackUITests */ = {
			isa = PBXNativeTarget;
			buildConfigurationList = 7B3B84501DC03F8F00712777 /* Build configuration list for PBXNativeTarget "WatsonHackUITests" */;
			buildPhases = (
				7B3B843D1DC03F8F00712777 /* Sources */,
				7B3B843E1DC03F8F00712777 /* Frameworks */,
				7B3B843F1DC03F8F00712777 /* Resources */,
			);
			buildRules = (
			);
			dependencies = (
				7B3B84431DC03F8F00712777 /* PBXTargetDependency */,
			);
			name = WatsonHackUITests;
			productName = WatsonHackUITests;
			productReference = 7B3B84411DC03F8F00712777 /* WatsonHackUITests.xctest */;
			productType = "com.apple.product-type.bundle.ui-testing";
		};
/* End PBXNativeTarget section */

/* Begin PBXProject section */
		7B3B841A1DC03F8F00712777 /* Project object */ = {
			isa = PBXProject;
			attributes = {
				LastSwiftUpdateCheck = 0730;
				LastUpgradeCheck = 0730;
				ORGANIZATIONNAME = "Ankit Jasuja";
				TargetAttributes = {
					7B3B84211DC03F8F00712777 = {
						CreatedOnToolsVersion = 7.3.1;
					};
					7B3B84351DC03F8F00712777 = {
						CreatedOnToolsVersion = 7.3.1;
						TestTargetID = 7B3B84211DC03F8F00712777;
					};
					7B3B84401DC03F8F00712777 = {
						CreatedOnToolsVersion = 7.3.1;
						TestTargetID = 7B3B84211DC03F8F00712777;
					};
				};
			};
			buildConfigurationList = 7B3B841D1DC03F8F00712777 /* Build configuration list for PBXProject "WatsonHack" */;
			compatibilityVersion = "Xcode 3.2";
			developmentRegion = English;
			hasScannedForEncodings = 0;
			knownRegions = (
				en,
				Base,
			);
			mainGroup = 7B3B84191DC03F8F00712777;
			productRefGroup = 7B3B84231DC03F8F00712777 /* Products */;
			projectDirPath = "";
			projectRoot = "";
			targets = (
				7B3B84211DC03F8F00712777 /* WatsonHack */,
				7B3B84351DC03F8F00712777 /* WatsonHackTests */,
				7B3B84401DC03F8F00712777 /* WatsonHackUITests */,
			);
		};
/* End PBXProject section */

/* Begin PBXResourcesBuildPhase section */
		7B3B84201DC03F8F00712777 /* Resources */ = {
			isa = PBXResourcesBuildPhase;
			buildActionMask = 2147483647;
			files = (
				7B3B84301DC03F8F00712777 /* LaunchScreen.storyboard in Resources */,
				7B3B842D1DC03F8F00712777 /* Assets.xcassets in Resources */,
				7B3B842B1DC03F8F00712777 /* Main.storyboard in Resources */,
			);
			runOnlyForDeploymentPostprocessing = 0;
		};
		7B3B84341DC03F8F00712777 /* Resources */ = {
			isa = PBXResourcesBuildPhase;
			buildActionMask = 2147483647;
			files = (
			);
			runOnlyForDeploymentPostprocessing = 0;
		};
		7B3B843F1DC03F8F00712777 /* Resources */ = {
			isa = PBXResourcesBuildPhase;
			buildActionMask = 2147483647;
			files = (
			);
			runOnlyForDeploymentPostprocessing = 0;
		};
/* End PBXResourcesBuildPhase section */

/* Begin PBXSourcesBuildPhase section */
		7B3B841E1DC03F8F00712777 /* Sources */ = {
			isa = PBXSourcesBuildPhase;
			buildActionMask = 2147483647;
			files = (
				7B3B84281DC03F8F00712777 /* ViewController.swift in Sources */,
				7B3B84261DC03F8F00712777 /* AppDelegate.swift in Sources */,
			);
			runOnlyForDeploymentPostprocessing = 0;
		};
		7B3B84321DC03F8F00712777 /* Sources */ = {
			isa = PBXSourcesBuildPhase;
			buildActionMask = 2147483647;
			files = (
				7B3B843B1DC03F8F00712777 /* WatsonHackTests.swift in Sources */,
			);
			runOnlyForDeploymentPostprocessing = 0;
		};
		7B3B843D1DC03F8F00712777 /* Sources */ = {
			isa = PBXSourcesBuildPhase;
			buildActionMask = 2147483647;
			files = (
				7B3B84461DC03F8F00712777 /* WatsonHackUITests.swift in Sources */,
			);
			runOnlyForDeploymentPostprocessing = 0;
		};
/* End PBXSourcesBuildPhase section */

/* Begin PBXTargetDependency section */
		7B3B84381DC03F8F00712777 /* PBXTargetDependency */ = {
			isa = PBXTargetDependency;
			target = 7B3B84211DC03F8F00712777 /* WatsonHack */;
			targetProxy = 7B3B84371DC03F8F00712777 /* PBXContainerItemProxy */;
		};
		7B3B84431DC03F8F00712777 /* PBXTargetDependency */ = {
			isa = PBXTargetDependency;
			target = 7B3B84211DC03F8F00712777 /* WatsonHack */;
			targetProxy = 7B3B84421DC03F8F00712777 /* PBXContainerItemProxy */;
		};
/* End PBXTargetDependency section */

/* Begin PBXVariantGroup section */
		7B3B84291DC03F8F00712777 /* Main.storyboard */ = {
			isa = PBXVariantGroup;
			children = (
				7B3B842A1DC03F8F00712777 /* Base */,
			);
			name = Main.storyboard;
			sourceTree = "<group>";
		};
		7B3B842E1DC03F8F00712777 /* LaunchScreen.storyboard */ = {
			isa = PBXVariantGroup;
			children = (
				7B3B842F1DC03F8F00712777 /* Base */,
			);
			name = LaunchScreen.storyboard;
			sourceTree = "<group>";
		};
/* End PBXVariantGroup section */

/* Begin XCBuildConfiguration section */
		7B3B84481DC03F8F00712777 /* Debug */ = {
			isa = XCBuildConfiguration;
			buildSettings = {
				ALWAYS_SEARCH_USER_PATHS = NO;
				CLANG_ANALYZER_NONNULL = YES;
				CLANG_CXX_LANGUAGE_STANDARD = "gnu++0x";
				CLANG_CXX_LIBRARY = "libc++";
				CLANG_ENABLE_MODULES = YES;
				CLANG_ENABLE_OBJC_ARC = YES;
				CLANG_WARN_BOOL_CONVERSION = YES;
				CLANG_WARN_CONSTANT_CONVERSION = YES;
				CLANG_WARN_DIRECT_OBJC_ISA_USAGE = YES_ERROR;
				CLANG_WARN_EMPTY_BODY = YES;
				CLANG_WARN_ENUM_CONVERSION = YES;
				CLANG_WARN_INT_CONVERSION = YES;
				CLANG_WARN_OBJC_ROOT_CLASS = YES_ERROR;
				CLANG_WARN_UNREACHABLE_CODE = YES;
				CLANG_WARN__DUPLICATE_METHOD_MATCH = YES;
				"CODE_SIGN_IDENTITY[sdk=iphoneos*]" = "iPhone Developer";
				COPY_PHASE_STRIP = NO;
				DEBUG_INFORMATION_FORMAT = dwarf;
				ENABLE_STRICT_OBJC_MSGSEND = YES;
				ENABLE_TESTABILITY = YES;
				GCC_C_LANGUAGE_STANDARD = gnu99;
				GCC_DYNAMIC_NO_PIC = NO;
				GCC_NO_COMMON_BLOCKS = YES;
				GCC_OPTIMIZATION_LEVEL = 0;
				GCC_PREPROCESSOR_DEFINITIONS = (
					"DEBUG=1",
					"$(inherited)",
				);
				GCC_WARN_64_TO_32_BIT_CONVERSION = YES;
				GCC_WARN_ABOUT_RETURN_TYPE = YES_ERROR;
				GCC_WARN_UNDECLARED_SELECTOR = YES;
				GCC_WARN_UNINITIALIZED_AUTOS = YES_AGGRESSIVE;
				GCC_WARN_UNUSED_FUNCTION = YES;
				GCC_WARN_UNUSED_VARIABLE = YES;
				IPHONEOS_DEPLOYMENT_TARGET = 9.3;
				MTL_ENABLE_DEBUG_INFO = YES;
				ONLY_ACTIVE_ARCH = YES;
				SDKROOT = iphoneos;
				SWIFT_OPTIMIZATION_LEVEL = "-Onone";
			};
			name = Debug;
		};
		7B3B84491DC03F8F00712777 /* Release */ = {
			isa = XCBuildConfiguration;
			buildSettings = {
				ALWAYS_SEARCH_USER_PATHS = NO;
				CLANG_ANALYZER_NONNULL = YES;
				CLANG_CXX_LANGUAGE_STANDARD = "gnu++0x";
				CLANG_CXX_LIBRARY = "libc++";
				CLANG_ENABLE_MODULES = YES;
				CLANG_ENABLE_OBJC_ARC = YES;
				CLANG_WARN_BOOL_CONVERSION = YES;
				CLANG_WARN_CONSTANT_CONVERSION = YES;
				CLANG_WARN_DIRECT_OBJC_ISA_USAGE = YES_ERROR;
				CLANG_WARN_EMPTY_BODY = YES;
				CLANG_WARN_ENUM_CONVERSION = YES;
				CLANG_WARN_INT_CONVERSION = YES;
				CLANG_WARN_OBJC_ROOT_CLASS = YES_ERROR;
				CLANG_WARN_UNREACHABLE_CODE = YES;
				CLANG_WARN__DUPLICATE_METHOD_MATCH = YES;
				"CODE_SIGN_IDENTITY[sdk=iphoneos*]" = "iPhone Developer";
				COPY_PHASE_STRIP = NO;
				DEBUG_INFORMATION_FORMAT = "dwarf-with-dsym";
				ENABLE_NS_ASSERTIONS = NO;
				ENABLE_STRICT_OBJC_MSGSEND = YES;
				GCC_C_LANGUAGE_STANDARD = gnu99;
				GCC_NO_COMMON_BLOCKS = YES;
				GCC_WARN_64_TO_32_BIT_CONVERSION = YES;
				GCC_WARN_ABOUT_RETURN_TYPE = YES_ERROR;
				GCC_WARN_UNDECLARED_SELECTOR = YES;
				GCC_WARN_UNINITIALIZED_AUTOS = YES_AGGRESSIVE;
				GCC_WARN_UNUSED_FUNCTION = YES;
				GCC_WARN_UNUSED_VARIABLE = YES;
				IPHONEOS_DEPLOYMENT_TARGET = 9.3;
				MTL_ENABLE_DEBUG_INFO = NO;
				SDKROOT = iphoneos;
				VALIDATE_PRODUCT = YES;
			};
			name = Release;
		};
		7B3B844B1DC03F8F00712777 /* Debug */ = {
			isa = XCBuildConfiguration;
			buildSettings = {
				ASSETCATALOG_COMPILER_APPICON_NAME = AppIcon;
				INFOPLIST_FILE = WatsonHack/Info.plist;
				LD_RUNPATH_SEARCH_PATHS = "$(inherited) @executable_path/Frameworks";
				PRODUCT_BUNDLE_IDENTIFIER = com.ajasuja.ios.WatsonHack;
				PRODUCT_NAME = "$(TARGET_NAME)";
			};
			name = Debug;
		};
		7B3B844C1DC03F8F00712777 /* Release */ = {
			isa = XCBuildConfiguration;
			buildSettings = {
				ASSETCATALOG_COMPILER_APPICON_NAME = AppIcon;
				INFOPLIST_FILE = WatsonHack/Info.plist;
				LD_RUNPATH_SEARCH_PATHS = "$(inherited) @executable_path/Frameworks";
				PRODUCT_BUNDLE_IDENTIFIER = com.ajasuja.ios.WatsonHack;
				PRODUCT_NAME = "$(TARGET_NAME)";
			};
			name = Release;
		};
		7B3B844E1DC03F8F00712777 /* Debug */ = {
			isa = XCBuildConfiguration;
			buildSettings = {
				BUNDLE_LOADER = "$(TEST_HOST)";
				INFOPLIST_FILE = WatsonHackTests/Info.plist;
				LD_RUNPATH_SEARCH_PATHS = "$(inherited) @executable_path/Frameworks @loader_path/Frameworks";
				PRODUCT_BUNDLE_IDENTIFIER = com.ajasuja.ios.WatsonHackTests;
				PRODUCT_NAME = "$(TARGET_NAME)";
				TEST_HOST = "$(BUILT_PRODUCTS_DIR)/WatsonHack.app/WatsonHack";
			};
			name = Debug;
		};
		7B3B844F1DC03F8F00712777 /* Release */ = {
			isa = XCBuildConfiguration;
			buildSettings = {
				BUNDLE_LOADER = "$(TEST_HOST)";
				INFOPLIST_FILE = WatsonHackTests/Info.plist;
				LD_RUNPATH_SEARCH_PATHS = "$(inherited) @executable_path/Frameworks @loader_path/Frameworks";
				PRODUCT_BUNDLE_IDENTIFIER = com.ajasuja.ios.WatsonHackTests;
				PRODUCT_NAME = "$(TARGET_NAME)";
				TEST_HOST = "$(BUILT_PRODUCTS_DIR)/WatsonHack.app/WatsonHack";
			};
			name = Release;
		};
		7B3B84511DC03F8F00712777 /* Debug */ = {
			isa = XCBuildConfiguration;
			buildSettings = {
				INFOPLIST_FILE = WatsonHackUITests/Info.plist;
				LD_RUNPATH_SEARCH_PATHS = "$(inherited) @executable_path/Frameworks @loader_path/Frameworks";
				PRODUCT_BUNDLE_IDENTIFIER = com.ajasuja.ios.WatsonHackUITests;
				PRODUCT_NAME = "$(TARGET_NAME)";
				TEST_TARGET_NAME = WatsonHack;
			};
			name = Debug;
		};
		7B3B84521DC03F8F00712777 /* Release */ = {
			isa = XCBuildConfiguration;
			buildSettings = {
				INFOPLIST_FILE = WatsonHackUITests/Info.plist;
				LD_RUNPATH_SEARCH_PATHS = "$(inherited) @executable_path/Frameworks @loader_path/Frameworks";
				PRODUCT_BUNDLE_IDENTIFIER = com.ajasuja.ios.WatsonHackUITests;
				PRODUCT_NAME = "$(TARGET_NAME)";
				TEST_TARGET_NAME = WatsonHack;
			};
			name = Release;
		};
/* End XCBuildConfiguration section */

/* Begin XCConfigurationList section */
		7B3B841D1DC03F8F00712777 /* Build configuration list for PBXProject "WatsonHack" */ = {
			isa = XCConfigurationList;
			buildConfigurations = (
				7B3B84481DC03F8F00712777 /* Debug */,
				7B3B84491DC03F8F00712777 /* Release */,
			);
			defaultConfigurationIsVisible = 0;
			defaultConfigurationName = Release;
		};
		7B3B844A1DC03F8F00712777 /* Build configuration list for PBXNativeTarget "WatsonHack" */ = {
			isa = XCConfigurationList;
			buildConfigurations = (
				7B3B844B1DC03F8F00712777 /* Debug */,
				7B3B844C1DC03F8F00712777 /* Release */,
			);
			defaultConfigurationIsVisible = 0;
		};
		7B3B844D1DC03F8F00712777 /* Build configuration list for PBXNativeTarget "WatsonHackTests" */ = {
			isa = XCConfigurationList;
			buildConfigurations = (
				7B3B844E1DC03F8F00712777 /* Debug */,
				7B3B844F1DC03F8F00712777 /* Release */,
			);
			defaultConfigurationIsVisible = 0;
		};
		7B3B84501DC03F8F00712777 /* Build configuration list for PBXNativeTarget "WatsonHackUITests" */ = {
			isa = XCConfigurationList;
			buildConfigurations = (
				7B3B84511DC03F8F00712777 /* Debug */,
				7B3B84521DC03F8F00712777 /* Release */,
			);
			defaultConfigurationIsVisible = 0;
		};
/* End XCConfigurationList section */
	};
	rootObject = 7B3B841A1DC03F8F00712777 /* Project object */;
}
